
Microsoft Visual Studio Solution File, Format Version 12.00
# Visual Studio Version 16
VisualStudioVersion = 16.0.30711.63
MinimumVisualStudioVersion = 10.0.40219.1
Project("{FAE04EC0-301F-11D3-BF4B-00C04F79EFBC}") = "PaginaPostres", "PaginaPostres\PaginaPostres.csproj", "{5087013B-EF1E-4BDD-B537-CA07DD233D44}"
EndProject
Global
	GlobalSection(SolutionConfigurationPlatforms) = preSolution
		Debug|Any CPU = Debug|Any CPU
		Release|Any CPU = Release|Any CPU
	EndGlobalSection
	GlobalSection(ProjectConfigurationPlatforms) = postSolution
		{5087013B-EF1E-4BDD-B537-CA07DD233D44}.Debug|Any CPU.ActiveCfg = Debug|Any CPU
		{5087013B-EF1E-4BDD-B537-CA07DD233D44}.Debug|Any CPU.Build.0 = Debug|Any CPU
		{5087013B-EF1E-4BDD-B537-CA07DD233D44}.Release|Any CPU.ActiveCfg = Release|Any CPU
		{5087013B-EF1E-4BDD-B537-CA07DD233D44}.Release|Any CPU.Build.0 = Release|Any CPU
	EndGlobalSection
	GlobalSection(SolutionProperties) = preSolution
		HideSolutionNode = FALSE
	EndGlobalSection
	GlobalSection(ExtensibilityGlobals) = postSolution
		SolutionGuid = {06768517-F2FB-43ED-AE2E-5A6594CDCC47}
	EndGlobalSection
EndGlobal
